
Microsoft Visual Studio Solution File, Format Version 12.00
# Visual Studio 15
VisualStudioVersion = 15.0.28010.2026
MinimumVisualStudioVersion = 10.0.40219.1
Project("{FAE04EC0-301F-11D3-BF4B-00C04F79EFBC}") = "UserMaintenance", "UserMaintenance\UserMaintenance.csproj", "{44AF31B3-9D56-47B9-9543-6002C424BCF4}"
EndProject
Global
	GlobalSection(SolutionConfigurationPlatforms) = preSolution
		Debug|Any CPU = Debug|Any CPU
		Release|Any CPU = Release|Any CPU
	EndGlobalSection
	GlobalSection(ProjectConfigurationPlatforms) = postSolution
		{44AF31B3-9D56-47B9-9543-6002C424BCF4}.Debug|Any CPU.ActiveCfg = Debug|Any CPU
		{44AF31B3-9D56-47B9-9543-6002C424BCF4}.Debug|Any CPU.Build.0 = Debug|Any CPU
		{44AF31B3-9D56-47B9-9543-6002C424BCF4}.Release|Any CPU.ActiveCfg = Release|Any CPU
		{44AF31B3-9D56-47B9-9543-6002C424BCF4}.Release|Any CPU.Build.0 = Release|Any CPU
	EndGlobalSection
	GlobalSection(SolutionProperties) = preSolution
		HideSolutionNode = FALSE
	EndGlobalSection
	GlobalSection(ExtensibilityGlobals) = postSolution
		SolutionGuid = {674DCF42-85A5-4346-ABBF-9D2D4F1CEBE3}
	EndGlobalSection
EndGlobal
